<?xml version="1.0" encoding="utf-8"?>
<Project ToolsVersion="4.0" xmlns="http://schemas.microsoft.com/developer/msbuild/2003">
  <ItemGroup>
    <Filter Include="Source Files">
      <UniqueIdentifier>{4FC737F1-C7A5-4376-A066-2A32D752A2FF}</UniqueIdentifier>
      <Extensions>cpp;c;cc;cxx;def;odl;idl;hpj;bat;asm;asmx</Extensions>
    </Filter>
    <Filter Include="Header Files">
      <UniqueIdentifier>{93995380-89BD-4b04-88EB-625FBE52EBFB}</UniqueIdentifier>
      <Extensions>h;hpp;hxx;hm;inl;inc;xsd</Extensions>
    </Filter>
    <Filter Include="Resource Files">
      <UniqueIdentifier>{67DA6AB6-F800-4c08-8B7A-83BB121AAD01}</UniqueIdentifier>
      <Extensions>rc;ico;cur;bmp;dlg;rc2;rct;bin;rgs;gif;jpg;jpeg;jpe;resx;tiff;tif;png;wav;mfcribbon-ms</Extensions>
    </Filter>
  </ItemGroup>
  <ItemGroup>
    <ClCompile Include="x11fwd.c">
      <Filter>Source Files</Filter>
    </ClCompile>
    <ClCompile Include="be_all_s.c">
      <Filter>Source Files</Filter>
    </ClCompile>
    <ClCompile Include="cmdline.c">
      <Filter>Source Files</Filter>
    </ClCompile>
    <ClCompile Include="config.c">
      <Filter>Source Files</Filter>
    </ClCompile>
    <ClCompile Include="cproxy.c">
      <Filter>Source Files</Filter>
    </ClCompile>
    <ClCompile Include="des.c">
      <Filter>Source Files</Filter>
    </ClCompile>
    <ClCompile Include="dialog.c">
      <Filter>Source Files</Filter>
    </ClCompile>
    <ClCompile Include="filestore.c">
      <Filter>Source Files</Filter>
    </ClCompile>
    <ClCompile Include="import.c">
      <Filter>Source Files</Filter>
    </ClCompile>
    <ClCompile Include="int64.c">
      <Filter>Source Files</Filter>
    </ClCompile>
    <ClCompile Include="ldisc.c">
      <Filter>Source Files</Filter>
    </ClCompile>
    <ClCompile Include="ldiscucs.c">
      <Filter>Source Files</Filter>
    </ClCompile>
    <ClCompile Include="logging.c">
      <Filter>Source Files</Filter>
    </ClCompile>
    <ClCompile Include="minibidi.c">
      <Filter>Source Files</Filter>
    </ClCompile>
    <ClCompile Include="misc.c">
      <Filter>Source Files</Filter>
    </ClCompile>
    <ClCompile Include="pgssapi.c">
      <Filter>Source Files</Filter>
    </ClCompile>
    <ClCompile Include="pinger.c">
      <Filter>Source Files</Filter>
    </ClCompile>
    <ClCompile Include="portfwd.c">
      <Filter>Source Files</Filter>
    </ClCompile>
    <ClCompile Include="proxy.c">
      <Filter>Source Files</Filter>
    </ClCompile>
    <ClCompile Include="raw.c">
      <Filter>Source Files</Filter>
    </ClCompile>
    <ClCompile Include="rlogin.c">
      <Filter>Source Files</Filter>
    </ClCompile>
    <ClCompile Include="sercfg.c">
      <Filter>Source Files</Filter>
    </ClCompile>
    <ClCompile Include="settings.c">
      <Filter>Source Files</Filter>
    </ClCompile>
    <ClCompile Include="sftp.c">
      <Filter>Source Files</Filter>
    </ClCompile>
    <ClCompile Include="ssh.c">
      <Filter>Source Files</Filter>
    </ClCompile>
    <ClCompile Include="sshaes.c">
      <Filter>Source Files</Filter>
    </ClCompile>
    <ClCompile Include="ssharcf.c">
      <Filter>Source Files</Filter>
    </ClCompile>
    <ClCompile Include="sshblowf.c">
      <Filter>Source Files</Filter>
    </ClCompile>
    <ClCompile Include="sshbn.c">
      <Filter>Source Files</Filter>
    </ClCompile>
    <ClCompile Include="sshcrc.c">
      <Filter>Source Files</Filter>
    </ClCompile>
    <ClCompile Include="sshcrcda.c">
      <Filter>Source Files</Filter>
    </ClCompile>
    <ClCompile Include="sshdes.c">
      <Filter>Source Files</Filter>
    </ClCompile>
    <ClCompile Include="sshdh.c">
      <Filter>Source Files</Filter>
    </ClCompile>
    <ClCompile Include="sshdss.c">
      <Filter>Source Files</Filter>
    </ClCompile>
    <ClCompile Include="sshdssg.c">
      <Filter>Source Files</Filter>
    </ClCompile>
    <ClCompile Include="sshgssc.c">
      <Filter>Source Files</Filter>
    </ClCompile>
    <ClCompile Include="sshmd5.c">
      <Filter>Source Files</Filter>
    </ClCompile>
    <ClCompile Include="sshprime.c">
      <Filter>Source Files</Filter>
    </ClCompile>
    <ClCompile Include="sshpubk.c">
      <Filter>Source Files</Filter>
    </ClCompile>
    <ClCompile Include="sshrand.c">
      <Filter>Source Files</Filter>
    </ClCompile>
    <ClCompile Include="sshrsa.c">
      <Filter>Source Files</Filter>
    </ClCompile>
    <ClCompile Include="sshrsag.c">
      <Filter>Source Files</Filter>
    </ClCompile>
    <ClCompile Include="sshsh256.c">
      <Filter>Source Files</Filter>
    </ClCompile>
    <ClCompile Include="sshsh512.c">
      <Filter>Source Files</Filter>
    </ClCompile>
    <ClCompile Include="sshsha.c">
      <Filter>Source Files</Filter>
    </ClCompile>
    <ClCompile Include="sshzlib.c">
      <Filter>Source Files</Filter>
    </ClCompile>
    <ClCompile Include="telnet.c">
      <Filter>Source Files</Filter>
    </ClCompile>
    <ClCompile Include="terminal.c">
      <Filter>Source Files</Filter>
    </ClCompile>
    <ClCompile Include="timing.c">
      <Filter>Source Files</Filter>
    </ClCompile>
    <ClCompile Include="tree234.c">
      <Filter>Source Files</Filter>
    </ClCompile>
    <ClCompile Include="version.c">
      <Filter>Source Files</Filter>
    </ClCompile>
    <ClCompile Include="wcwidth.c">
      <Filter>Source Files</Filter>
    </ClCompile>
    <ClCompile Include="wildcard.c">
      <Filter>Source Files</Filter>
    </ClCompile>
    <ClCompile Include="windows\winx11.c">
      <Filter>Source Files</Filter>
    </ClCompile>
    <ClCompile Include="windows\sizetip.c">
      <Filter>Source Files</Filter>
    </ClCompile>
    <ClCompile Include="windows\wincfg.c">
      <Filter>Source Files</Filter>
    </ClCompile>
    <ClCompile Include="windows\winctrls.c">
      <Filter>Source Files</Filter>
    </ClCompile>
    <ClCompile Include="windows\windefs.c">
      <Filter>Source Files</Filter>
    </ClCompile>
    <ClCompile Include="windows\windlg.c">
      <Filter>Source Files</Filter>
    </ClCompile>
    <ClCompile Include="windows\wingss.c">
      <Filter>Source Files</Filter>
    </ClCompile>
    <ClCompile Include="windows\winhandl.c">
      <Filter>Source Files</Filter>
    </ClCompile>
    <ClCompile Include="windows\winhelp.c">
      <Filter>Source Files</Filter>
    </ClCompile>
    <ClCompile Include="windows\winjump.c">
      <Filter>Source Files</Filter>
    </ClCompile>
    <ClCompile Include="windows\winmisc.c">
      <Filter>Source Files</Filter>
    </ClCompile>
    <ClCompile Include="windows\winnet.c">
      <Filter>Source Files</Filter>
    </ClCompile>
    <ClCompile Include="windows\winnoise.c">
      <Filter>Source Files</Filter>
    </ClCompile>
    <ClCompile Include="windows\winpgntc.c">
      <Filter>Source Files</Filter>
    </ClCompile>
    <ClCompile Include="windows\winprint.c">
      <Filter>Source Files</Filter>
    </ClCompile>
    <ClCompile Include="windows\winproxy.c">
      <Filter>Source Files</Filter>
    </ClCompile>
    <ClCompile Include="windows\winser.c">
      <Filter>Source Files</Filter>
    </ClCompile>
    <ClCompile Include="windows\winstore.c">
      <Filter>Source Files</Filter>
    </ClCompile>
    <ClCompile Include="windows\wintime.c">
      <Filter>Source Files</Filter>
    </ClCompile>
    <ClCompile Include="windows\winucs.c">
      <Filter>Source Files</Filter>
    </ClCompile>
    <ClCompile Include="windows\winutils.c">
      <Filter>Source Files</Filter>
    </ClCompile>
    <ClCompile Include="charset\fromucs.c">
      <Filter>Source Files</Filter>
    </ClCompile>
    <ClCompile Include="charset\localenc.c">
      <Filter>Source Files</Filter>
    </ClCompile>
    <ClCompile Include="charset\macenc.c">
      <Filter>Source Files</Filter>
    </ClCompile>
    <ClCompile Include="charset\mimeenc.c">
      <Filter>Source Files</Filter>
    </ClCompile>
    <ClCompile Include="charset\slookup.c">
      <Filter>Source Files</Filter>
    </ClCompile>
    <ClCompile Include="charset\toucs.c">
      <Filter>Source Files</Filter>
    </ClCompile>
    <ClCompile Include="charset\utf8.c">
      <Filter>Source Files</Filter>
    </ClCompile>
    <ClCompile Include="charset\xenc.c">
      <Filter>Source Files</Filter>
    </ClCompile>
    <ClCompile Include="windows\winpgnt.c">
      <Filter>Source Files</Filter>
    </ClCompile>
    <ClCompile Include="conf.c">
      <Filter>Source Files</Filter>
    </ClCompile>
    <ClCompile Include="pageant.c">
      <Filter>Source Files</Filter>
    </ClCompile>
  </ItemGroup>
  <ItemGroup>
    <ClInclude Include="des.h">
      <Filter>Header Files</Filter>
    </ClInclude>
    <ClInclude Include="dialog.h">
      <Filter>Header Files</Filter>
    </ClInclude>
    <ClInclude Include="int64.h">
      <Filter>Header Files</Filter>
    </ClInclude>
    <ClInclude Include="ldisc.h">
      <Filter>Header Files</Filter>
    </ClInclude>
    <ClInclude Include="misc.h">
      <Filter>Header Files</Filter>
    </ClInclude>
    <ClInclude Include="network.h">
      <Filter>Header Files</Filter>
    </ClInclude>
    <ClInclude Include="pgssapi.h">
      <Filter>Header Files</Filter>
    </ClInclude>
    <ClInclude Include="proxy.h">
      <Filter>Header Files</Filter>
    </ClInclude>
    <ClInclude Include="psftp.h">
      <Filter>Header Files</Filter>
    </ClInclude>
    <ClInclude Include="putty.h">
      <Filter>Header Files</Filter>
    </ClInclude>
    <ClInclude Include="puttymem.h">
      <Filter>Header Files</Filter>
    </ClInclude>
    <ClInclude Include="puttyps.h">
      <Filter>Header Files</Filter>
    </ClInclude>
    <ClInclude Include="resource.h">
      <Filter>Header Files</Filter>
    </ClInclude>
    <ClInclude Include="sftp.h">
      <Filter>Header Files</Filter>
    </ClInclude>
    <ClInclude Include="ssh.h">
      <Filter>Header Files</Filter>
    </ClInclude>
    <ClInclude Include="sshgss.h">
      <Filter>Header Files</Filter>
    </ClInclude>
    <ClInclude Include="sshgssc.h">
      <Filter>Header Files</Filter>
    </ClInclude>
    <ClInclude Include="storage.h">
      <Filter>Header Files</Filter>
    </ClInclude>
    <ClInclude Include="terminal.h">
      <Filter>Header Files</Filter>
    </ClInclude>
    <ClInclude Include="tree234.h">
      <Filter>Header Files</Filter>
    </ClInclude>
    <ClInclude Include="windows\rcstuff.h">
      <Filter>Header Files</Filter>
    </ClInclude>
    <ClInclude Include="windows\win_res.h">
      <Filter>Header Files</Filter>
    </ClInclude>
    <ClInclude Include="windows\winhelp.h">
      <Filter>Header Files</Filter>
    </ClInclude>
    <ClInclude Include="windows\winstuff.h">
      <Filter>Header Files</Filter>
    </ClInclude>
    <ClInclude Include="windows\wintab.h">
      <Filter>Header Files</Filter>
    </ClInclude>
    <ClInclude Include="windows\wintabdraw.h">
      <Filter>Header Files</Filter>
    </ClInclude>
    <ClInclude Include="charset\charset.h">
      <Filter>Header Files</Filter>
    </ClInclude>
    <ClInclude Include="charset\internal.h">
      <Filter>Header Files</Filter>
    </ClInclude>
  </ItemGroup>
  <ItemGroup>
    <ResourceCompile Include="windows\putty.rc">
      <Filter>Resource Files</Filter>
    </ResourceCompile>
  </ItemGroup>
  <ItemGroup>
    <None Include="windows\version.rc2">
      <Filter>Resource Files</Filter>
    </None>
    <None Include="windows\win_res.rc2">
      <Filter>Resource Files</Filter>
    </None>
  </ItemGroup>
  <ItemGroup>
    <Image Include="windows\putty.ico">
      <Filter>Resource Files</Filter>
    </Image>
    <Image Include="windows\puttycfg.ico">
      <Filter>Resource Files</Filter>
    </Image>
  </ItemGroup>
</Project>