
Microsoft Visual Studio Solution File, Format Version 10.00
# Visual Studio 2008
Project("{2150E333-8FDC-42A3-9474-1A3956D46DE8}") = "library", "library", "{95222F8E-6105-4492-9AEF-AF957FD370F2}"
EndProject
Project("{2150E333-8FDC-42A3-9474-1A3956D46DE8}") = "examples", "examples", "{D6A03649-AC13-48DE-AC87-D96916E138C4}"
EndProject
Project("{8BC9CEB8-8B4A-11D0-8D11-00A0C91BC942}") = "base", "library\base\base.vcproj", "{B762AF39-B217-41F2-9D7B-E55EDB99F9CC}"
EndProject
Project("{8BC9CEB8-8B4A-11D0-8D11-00A0C91BC942}") = "skia", "library\skia\skia.vcproj", "{DAB5E18C-A6F3-41B0-A630-87BC95129ECA}"
EndProject
Project("{8BC9CEB8-8B4A-11D0-8D11-00A0C91BC942}") = "view", "library\view\view.vcproj", "{3F19C1C0-7F28-4DF0-84CC-C69FFB55F359}"
EndProject
Project("{8BC9CEB8-8B4A-11D0-8D11-00A0C91BC942}") = "wanui_res", "examples\wanui_res\wanui_res.vcproj", "{79407184-D31F-4D79-AF0B-32C7A6E71747}"
EndProject
Project("{8BC9CEB8-8B4A-11D0-8D11-00A0C91BC942}") = "desktop", "examples\desktop\desktop.vcproj", "{CA406032-F690-44A7-91CA-2D55EAEEB91F}"
EndProject
Project("{8BC9CEB8-8B4A-11D0-8D11-00A0C91BC942}") = "ui_base", "library\ui_base\ui_base.vcproj", "{57285F70-013F-41B8-AA7F-4FBFA1005372}"
EndProject
Project("{8BC9CEB8-8B4A-11D0-8D11-00A0C91BC942}") = "ui_gfx", "library\ui_gfx\ui_gfx.vcproj", "{B3729B7B-E55E-4B0B-ABAE-F00D31623867}"
EndProject
Project("{8BC9CEB8-8B4A-11D0-8D11-00A0C91BC942}") = "demos", "examples\demos\demos.vcproj", "{6E521D43-E529-4B9B-9912-BD32B4EDDAA8}"
EndProject
Project("{8BC9CEB8-8B4A-11D0-8D11-00A0C91BC942}") = "status_tray", "examples\status_tray\status_tray.vcproj", "{E6255DF6-0C35-4F2E-A240-8022073520CA}"
EndProject
Project("{8BC9CEB8-8B4A-11D0-8D11-00A0C91BC942}") = "net_base", "library\net_base\net_base.vcproj", "{4BBA4559-18D1-4E60-BBA7-A23F0ABA5A06}"
EndProject
Project("{8BC9CEB8-8B4A-11D0-8D11-00A0C91BC942}") = "net_base_test", "examples\net_base_test\net_base_test.vcproj", "{FCE1B906-3DC8-4524-B14E-65B16FDA463A}"
EndProject
Project("{8BC9CEB8-8B4A-11D0-8D11-00A0C91BC942}") = "igantt", "examples\igantt\igantt.vcproj", "{C2C5C173-DF68-4137-A2ED-1ADF8010CE14}"
EndProject
Project("{8BC9CEB8-8B4A-11D0-8D11-00A0C91BC942}") = "bubble", "examples\bubble\bubble.vcproj", "{6E501D02-9396-4B35-970C-9144AD7404FC}"
EndProject
Global
	GlobalSection(SolutionConfigurationPlatforms) = preSolution
		Debug|Win32 = Debug|Win32
		Release|Win32 = Release|Win32
	EndGlobalSection
	GlobalSection(ProjectConfigurationPlatforms) = postSolution
		{B762AF39-B217-41F2-9D7B-E55EDB99F9CC}.Debug|Win32.ActiveCfg = Debug|Win32
		{B762AF39-B217-41F2-9D7B-E55EDB99F9CC}.Debug|Win32.Build.0 = Debug|Win32
		{B762AF39-B217-41F2-9D7B-E55EDB99F9CC}.Release|Win32.ActiveCfg = Release|Win32
		{B762AF39-B217-41F2-9D7B-E55EDB99F9CC}.Release|Win32.Build.0 = Release|Win32
		{DAB5E18C-A6F3-41B0-A630-87BC95129ECA}.Debug|Win32.ActiveCfg = Debug|Win32
		{DAB5E18C-A6F3-41B0-A630-87BC95129ECA}.Debug|Win32.Build.0 = Debug|Win32
		{DAB5E18C-A6F3-41B0-A630-87BC95129ECA}.Release|Win32.ActiveCfg = Release|Win32
		{DAB5E18C-A6F3-41B0-A630-87BC95129ECA}.Release|Win32.Build.0 = Release|Win32
		{3F19C1C0-7F28-4DF0-84CC-C69FFB55F359}.Debug|Win32.ActiveCfg = Debug|Win32
		{3F19C1C0-7F28-4DF0-84CC-C69FFB55F359}.Debug|Win32.Build.0 = Debug|Win32
		{3F19C1C0-7F28-4DF0-84CC-C69FFB55F359}.Release|Win32.ActiveCfg = Release|Win32
		{3F19C1C0-7F28-4DF0-84CC-C69FFB55F359}.Release|Win32.Build.0 = Release|Win32
		{79407184-D31F-4D79-AF0B-32C7A6E71747}.Debug|Win32.ActiveCfg = Debug|Win32
		{79407184-D31F-4D79-AF0B-32C7A6E71747}.Debug|Win32.Build.0 = Debug|Win32
		{79407184-D31F-4D79-AF0B-32C7A6E71747}.Release|Win32.ActiveCfg = Release|Win32
		{79407184-D31F-4D79-AF0B-32C7A6E71747}.Release|Win32.Build.0 = Release|Win32
		{CA406032-F690-44A7-91CA-2D55EAEEB91F}.Debug|Win32.ActiveCfg = Debug|Win32
		{CA406032-F690-44A7-91CA-2D55EAEEB91F}.Debug|Win32.Build.0 = Debug|Win32
		{CA406032-F690-44A7-91CA-2D55EAEEB91F}.Release|Win32.ActiveCfg = Release|Win32
		{CA406032-F690-44A7-91CA-2D55EAEEB91F}.Release|Win32.Build.0 = Release|Win32
		{57285F70-013F-41B8-AA7F-4FBFA1005372}.Debug|Win32.ActiveCfg = Debug|Win32
		{57285F70-013F-41B8-AA7F-4FBFA1005372}.Debug|Win32.Build.0 = Debug|Win32
		{57285F70-013F-41B8-AA7F-4FBFA1005372}.Release|Win32.ActiveCfg = Release|Win32
		{57285F70-013F-41B8-AA7F-4FBFA1005372}.Release|Win32.Build.0 = Release|Win32
		{B3729B7B-E55E-4B0B-ABAE-F00D31623867}.Debug|Win32.ActiveCfg = Debug|Win32
		{B3729B7B-E55E-4B0B-ABAE-F00D31623867}.Debug|Win32.Build.0 = Debug|Win32
		{B3729B7B-E55E-4B0B-ABAE-F00D31623867}.Release|Win32.ActiveCfg = Release|Win32
		{B3729B7B-E55E-4B0B-ABAE-F00D31623867}.Release|Win32.Build.0 = Release|Win32
		{6E521D43-E529-4B9B-9912-BD32B4EDDAA8}.Debug|Win32.ActiveCfg = Debug|Win32
		{6E521D43-E529-4B9B-9912-BD32B4EDDAA8}.Debug|Win32.Build.0 = Debug|Win32
		{6E521D43-E529-4B9B-9912-BD32B4EDDAA8}.Release|Win32.ActiveCfg = Release|Win32
		{6E521D43-E529-4B9B-9912-BD32B4EDDAA8}.Release|Win32.Build.0 = Release|Win32
		{E6255DF6-0C35-4F2E-A240-8022073520CA}.Debug|Win32.ActiveCfg = Debug|Win32
		{E6255DF6-0C35-4F2E-A240-8022073520CA}.Debug|Win32.Build.0 = Debug|Win32
		{E6255DF6-0C35-4F2E-A240-8022073520CA}.Release|Win32.ActiveCfg = Release|Win32
		{E6255DF6-0C35-4F2E-A240-8022073520CA}.Release|Win32.Build.0 = Release|Win32
		{4BBA4559-18D1-4E60-BBA7-A23F0ABA5A06}.Debug|Win32.ActiveCfg = Debug|Win32
		{4BBA4559-18D1-4E60-BBA7-A23F0ABA5A06}.Debug|Win32.Build.0 = Debug|Win32
		{4BBA4559-18D1-4E60-BBA7-A23F0ABA5A06}.Release|Win32.ActiveCfg = Release|Win32
		{4BBA4559-18D1-4E60-BBA7-A23F0ABA5A06}.Release|Win32.Build.0 = Release|Win32
		{FCE1B906-3DC8-4524-B14E-65B16FDA463A}.Debug|Win32.ActiveCfg = Debug|Win32
		{FCE1B906-3DC8-4524-B14E-65B16FDA463A}.Debug|Win32.Build.0 = Debug|Win32
		{FCE1B906-3DC8-4524-B14E-65B16FDA463A}.Release|Win32.ActiveCfg = Release|Win32
		{FCE1B906-3DC8-4524-B14E-65B16FDA463A}.Release|Win32.Build.0 = Release|Win32
		{C2C5C173-DF68-4137-A2ED-1ADF8010CE14}.Debug|Win32.ActiveCfg = Debug|Win32
		{C2C5C173-DF68-4137-A2ED-1ADF8010CE14}.Debug|Win32.Build.0 = Debug|Win32
		{C2C5C173-DF68-4137-A2ED-1ADF8010CE14}.Release|Win32.ActiveCfg = Release|Win32
		{C2C5C173-DF68-4137-A2ED-1ADF8010CE14}.Release|Win32.Build.0 = Release|Win32
		{6E501D02-9396-4B35-970C-9144AD7404FC}.Debug|Win32.ActiveCfg = Debug|Win32
		{6E501D02-9396-4B35-970C-9144AD7404FC}.Debug|Win32.Build.0 = Debug|Win32
		{6E501D02-9396-4B35-970C-9144AD7404FC}.Release|Win32.ActiveCfg = Release|Win32
		{6E501D02-9396-4B35-970C-9144AD7404FC}.Release|Win32.Build.0 = Release|Win32
	EndGlobalSection
	GlobalSection(SolutionProperties) = preSolution
		HideSolutionNode = FALSE
	EndGlobalSection
	GlobalSection(NestedProjects) = preSolution
		{B762AF39-B217-41F2-9D7B-E55EDB99F9CC} = {95222F8E-6105-4492-9AEF-AF957FD370F2}
		{DAB5E18C-A6F3-41B0-A630-87BC95129ECA} = {95222F8E-6105-4492-9AEF-AF957FD370F2}
		{3F19C1C0-7F28-4DF0-84CC-C69FFB55F359} = {95222F8E-6105-4492-9AEF-AF957FD370F2}
		{57285F70-013F-41B8-AA7F-4FBFA1005372} = {95222F8E-6105-4492-9AEF-AF957FD370F2}
		{B3729B7B-E55E-4B0B-ABAE-F00D31623867} = {95222F8E-6105-4492-9AEF-AF957FD370F2}
		{4BBA4559-18D1-4E60-BBA7-A23F0ABA5A06} = {95222F8E-6105-4492-9AEF-AF957FD370F2}
		{79407184-D31F-4D79-AF0B-32C7A6E71747} = {D6A03649-AC13-48DE-AC87-D96916E138C4}
		{CA406032-F690-44A7-91CA-2D55EAEEB91F} = {D6A03649-AC13-48DE-AC87-D96916E138C4}
		{6E521D43-E529-4B9B-9912-BD32B4EDDAA8} = {D6A03649-AC13-48DE-AC87-D96916E138C4}
		{E6255DF6-0C35-4F2E-A240-8022073520CA} = {D6A03649-AC13-48DE-AC87-D96916E138C4}
		{FCE1B906-3DC8-4524-B14E-65B16FDA463A} = {D6A03649-AC13-48DE-AC87-D96916E138C4}
		{C2C5C173-DF68-4137-A2ED-1ADF8010CE14} = {D6A03649-AC13-48DE-AC87-D96916E138C4}
		{6E501D02-9396-4B35-970C-9144AD7404FC} = {D6A03649-AC13-48DE-AC87-D96916E138C4}
	EndGlobalSection
EndGlobal
