
Microsoft Visual Studio Solution File, Format Version 10.00
# Visual Studio 2008
Project("{2150E333-8FDC-42A3-9474-1A3956D46DE8}") = "library", "library", "{95222F8E-6105-4492-9AEF-AF957FD370F2}"
EndProject
Project("{2150E333-8FDC-42A3-9474-1A3956D46DE8}") = "examples", "examples", "{D6A03649-AC13-48DE-AC87-D96916E138C4}"
EndProject
Project("{2150E333-8FDC-42A3-9474-1A3956D46DE8}") = "tutorial", "tutorial", "{3E0222CA-EC46-42B7-AE87-8E4C2010933F}"
EndProject
Project("{8BC9CEB8-8B4A-11D0-8D11-00A0C91BC942}") = "base", "library\base\base.vcproj", "{B762AF39-B217-41F2-9D7B-E55EDB99F9CC}"
EndProject
Project("{8BC9CEB8-8B4A-11D0-8D11-00A0C91BC942}") = "skia", "library\skia\skia.vcproj", "{DAB5E18C-A6F3-41B0-A630-87BC95129ECA}"
EndProject
Project("{8BC9CEB8-8B4A-11D0-8D11-00A0C91BC942}") = "view", "library\view\view.vcproj", "{3F19C1C0-7F28-4DF0-84CC-C69FFB55F359}"
EndProject
Project("{8BC9CEB8-8B4A-11D0-8D11-00A0C91BC942}") = "wanui_res", "examples\wanui_res\wanui_res.vcproj", "{79407184-D31F-4D79-AF0B-32C7A6E71747}"
EndProject
Project("{8BC9CEB8-8B4A-11D0-8D11-00A0C91BC942}") = "hello_window", "examples\hello_window\hello_window.vcproj", "{B5BEAFE5-125F-4250-B921-B635EC72969F}"
EndProject
Project("{8BC9CEB8-8B4A-11D0-8D11-00A0C91BC942}") = "wan_chrome", "examples\wan_chrome\wan_chrome.vcproj", "{89B5F93D-4B24-421F-9CC9-529EECF510E5}"
EndProject
Project("{8BC9CEB8-8B4A-11D0-8D11-00A0C91BC942}") = "hello_message", "examples\hello_message\hello_message.vcproj", "{6C78717E-5B3D-4F35-9C42-F1D382A39924}"
EndProject
Project("{8BC9CEB8-8B4A-11D0-8D11-00A0C91BC942}") = "desktop", "examples\desktop\desktop.vcproj", "{CA406032-F690-44A7-91CA-2D55EAEEB91F}"
EndProject
Project("{8BC9CEB8-8B4A-11D0-8D11-00A0C91BC942}") = "ui_base", "library\ui_base\ui_base.vcproj", "{57285F70-013F-41B8-AA7F-4FBFA1005372}"
EndProject
Project("{8BC9CEB8-8B4A-11D0-8D11-00A0C91BC942}") = "ui_gfx", "library\ui_gfx\ui_gfx.vcproj", "{B3729B7B-E55E-4B0B-ABAE-F00D31623867}"
EndProject
Global
	GlobalSection(SolutionConfigurationPlatforms) = preSolution
		Debug|Win32 = Debug|Win32
		Release|Win32 = Release|Win32
	EndGlobalSection
	GlobalSection(ProjectConfigurationPlatforms) = postSolution
		{B762AF39-B217-41F2-9D7B-E55EDB99F9CC}.Debug|Win32.ActiveCfg = Debug|Win32
		{B762AF39-B217-41F2-9D7B-E55EDB99F9CC}.Debug|Win32.Build.0 = Debug|Win32
		{B762AF39-B217-41F2-9D7B-E55EDB99F9CC}.Release|Win32.ActiveCfg = Release|Win32
		{B762AF39-B217-41F2-9D7B-E55EDB99F9CC}.Release|Win32.Build.0 = Release|Win32
		{DAB5E18C-A6F3-41B0-A630-87BC95129ECA}.Debug|Win32.ActiveCfg = Debug|Win32
		{DAB5E18C-A6F3-41B0-A630-87BC95129ECA}.Debug|Win32.Build.0 = Debug|Win32
		{DAB5E18C-A6F3-41B0-A630-87BC95129ECA}.Release|Win32.ActiveCfg = Release|Win32
		{DAB5E18C-A6F3-41B0-A630-87BC95129ECA}.Release|Win32.Build.0 = Release|Win32
		{3F19C1C0-7F28-4DF0-84CC-C69FFB55F359}.Debug|Win32.ActiveCfg = Debug|Win32
		{3F19C1C0-7F28-4DF0-84CC-C69FFB55F359}.Debug|Win32.Build.0 = Debug|Win32
		{3F19C1C0-7F28-4DF0-84CC-C69FFB55F359}.Release|Win32.ActiveCfg = Release|Win32
		{3F19C1C0-7F28-4DF0-84CC-C69FFB55F359}.Release|Win32.Build.0 = Release|Win32
		{79407184-D31F-4D79-AF0B-32C7A6E71747}.Debug|Win32.ActiveCfg = Debug|Win32
		{79407184-D31F-4D79-AF0B-32C7A6E71747}.Debug|Win32.Build.0 = Debug|Win32
		{79407184-D31F-4D79-AF0B-32C7A6E71747}.Release|Win32.ActiveCfg = Release|Win32
		{79407184-D31F-4D79-AF0B-32C7A6E71747}.Release|Win32.Build.0 = Release|Win32
		{B5BEAFE5-125F-4250-B921-B635EC72969F}.Debug|Win32.ActiveCfg = Debug|Win32
		{B5BEAFE5-125F-4250-B921-B635EC72969F}.Debug|Win32.Build.0 = Debug|Win32
		{B5BEAFE5-125F-4250-B921-B635EC72969F}.Release|Win32.ActiveCfg = Release|Win32
		{B5BEAFE5-125F-4250-B921-B635EC72969F}.Release|Win32.Build.0 = Release|Win32
		{89B5F93D-4B24-421F-9CC9-529EECF510E5}.Debug|Win32.ActiveCfg = Debug|Win32
		{89B5F93D-4B24-421F-9CC9-529EECF510E5}.Debug|Win32.Build.0 = Debug|Win32
		{89B5F93D-4B24-421F-9CC9-529EECF510E5}.Release|Win32.ActiveCfg = Release|Win32
		{89B5F93D-4B24-421F-9CC9-529EECF510E5}.Release|Win32.Build.0 = Release|Win32
		{6C78717E-5B3D-4F35-9C42-F1D382A39924}.Debug|Win32.ActiveCfg = Debug|Win32
		{6C78717E-5B3D-4F35-9C42-F1D382A39924}.Debug|Win32.Build.0 = Debug|Win32
		{6C78717E-5B3D-4F35-9C42-F1D382A39924}.Release|Win32.ActiveCfg = Release|Win32
		{6C78717E-5B3D-4F35-9C42-F1D382A39924}.Release|Win32.Build.0 = Release|Win32
		{CA406032-F690-44A7-91CA-2D55EAEEB91F}.Debug|Win32.ActiveCfg = Debug|Win32
		{CA406032-F690-44A7-91CA-2D55EAEEB91F}.Debug|Win32.Build.0 = Debug|Win32
		{CA406032-F690-44A7-91CA-2D55EAEEB91F}.Release|Win32.ActiveCfg = Release|Win32
		{CA406032-F690-44A7-91CA-2D55EAEEB91F}.Release|Win32.Build.0 = Release|Win32
		{57285F70-013F-41B8-AA7F-4FBFA1005372}.Debug|Win32.ActiveCfg = Debug|Win32
		{57285F70-013F-41B8-AA7F-4FBFA1005372}.Debug|Win32.Build.0 = Debug|Win32
		{57285F70-013F-41B8-AA7F-4FBFA1005372}.Release|Win32.ActiveCfg = Release|Win32
		{57285F70-013F-41B8-AA7F-4FBFA1005372}.Release|Win32.Build.0 = Release|Win32
		{B3729B7B-E55E-4B0B-ABAE-F00D31623867}.Debug|Win32.ActiveCfg = Debug|Win32
		{B3729B7B-E55E-4B0B-ABAE-F00D31623867}.Debug|Win32.Build.0 = Debug|Win32
		{B3729B7B-E55E-4B0B-ABAE-F00D31623867}.Release|Win32.ActiveCfg = Release|Win32
		{B3729B7B-E55E-4B0B-ABAE-F00D31623867}.Release|Win32.Build.0 = Release|Win32
	EndGlobalSection
	GlobalSection(SolutionProperties) = preSolution
		HideSolutionNode = FALSE
	EndGlobalSection
	GlobalSection(NestedProjects) = preSolution
		{B762AF39-B217-41F2-9D7B-E55EDB99F9CC} = {95222F8E-6105-4492-9AEF-AF957FD370F2}
		{DAB5E18C-A6F3-41B0-A630-87BC95129ECA} = {95222F8E-6105-4492-9AEF-AF957FD370F2}
		{3F19C1C0-7F28-4DF0-84CC-C69FFB55F359} = {95222F8E-6105-4492-9AEF-AF957FD370F2}
		{57285F70-013F-41B8-AA7F-4FBFA1005372} = {95222F8E-6105-4492-9AEF-AF957FD370F2}
		{B3729B7B-E55E-4B0B-ABAE-F00D31623867} = {95222F8E-6105-4492-9AEF-AF957FD370F2}
		{3E0222CA-EC46-42B7-AE87-8E4C2010933F} = {D6A03649-AC13-48DE-AC87-D96916E138C4}
		{79407184-D31F-4D79-AF0B-32C7A6E71747} = {D6A03649-AC13-48DE-AC87-D96916E138C4}
		{89B5F93D-4B24-421F-9CC9-529EECF510E5} = {D6A03649-AC13-48DE-AC87-D96916E138C4}
		{CA406032-F690-44A7-91CA-2D55EAEEB91F} = {D6A03649-AC13-48DE-AC87-D96916E138C4}
		{B5BEAFE5-125F-4250-B921-B635EC72969F} = {3E0222CA-EC46-42B7-AE87-8E4C2010933F}
		{6C78717E-5B3D-4F35-9C42-F1D382A39924} = {3E0222CA-EC46-42B7-AE87-8E4C2010933F}
	EndGlobalSection
EndGlobal
