<?xml version="1.0" encoding="utf-8"?>
<Project ToolsVersion="4.0" xmlns="http://schemas.microsoft.com/developer/msbuild/2003">
  <ItemGroup>
    <Filter Include="Source Files">
      <UniqueIdentifier>{4FC737F1-C7A5-4376-A066-2A32D752A2FF}</UniqueIdentifier>
      <Extensions>cpp;c;cc;cxx;def;odl;idl;hpj;bat;asm;asmx</Extensions>
    </Filter>
    <Filter Include="Header Files">
      <UniqueIdentifier>{93995380-89BD-4b04-88EB-625FBE52EBFB}</UniqueIdentifier>
      <Extensions>h;hpp;hxx;hm;inl;inc;xsd</Extensions>
    </Filter>
    <Filter Include="Resource Files">
      <UniqueIdentifier>{67DA6AB6-F800-4c08-8B7A-83BB121AAD01}</UniqueIdentifier>
      <Extensions>rc;ico;cur;bmp;dlg;rc2;rct;bin;rgs;gif;jpg;jpeg;jpe;resx;tiff;tif;png;wav;mfcribbon-ms</Extensions>
    </Filter>
  </ItemGroup>
  <ItemGroup>
    <ClInclude Include="putty_view.h">
      <Filter>Header Files</Filter>
    </ClInclude>
    <ClInclude Include="native_putty_page.h">
      <Filter>Header Files</Filter>
    </ClInclude>
    <ClInclude Include="native_putty_common.h">
      <Filter>Header Files</Filter>
    </ClInclude>
    <ClInclude Include="native_putty_controller.h">
      <Filter>Header Files</Filter>
    </ClInclude>
    <ClInclude Include="putty_callback.h">
      <Filter>Header Files</Filter>
    </ClInclude>
    <ClInclude Include="putty_timer.h">
      <Filter>Header Files</Filter>
    </ClInclude>
    <ClInclude Include="CmdLineHandler.h">
      <Filter>Header Files</Filter>
    </ClInclude>
    <ClInclude Include="putty_global_config.h">
      <Filter>Header Files</Filter>
    </ClInclude>
    <ClInclude Include="window_interface.h">
      <Filter>Header Files</Filter>
    </ClInclude>
    <ClInclude Include="..\zmodem\zmodem_session.h">
      <Filter>Header Files</Filter>
    </ClInclude>
    <ClInclude Include="..\zmodem\zmodem.h">
      <Filter>Header Files</Filter>
    </ClInclude>
    <ClInclude Include="zmodem_file.h">
      <Filter>Header Files</Filter>
    </ClInclude>
    <ClInclude Include="PuttyFileDialog.h">
      <Filter>Source Files</Filter>
    </ClInclude>
    <ClInclude Include="google_drive_fsm_session.h">
      <Filter>Header Files</Filter>
    </ClInclude>
    <ClInclude Include="RulesTable.hpp">
      <Filter>Header Files</Filter>
    </ClInclude>
  </ItemGroup>
  <ItemGroup>
    <ClCompile Include="putty_view.cpp">
      <Filter>Source Files</Filter>
    </ClCompile>
    <ClCompile Include="native_putty_page.cpp">
      <Filter>Source Files</Filter>
    </ClCompile>
    <ClCompile Include="native_putty_common.cpp">
      <Filter>Source Files</Filter>
    </ClCompile>
    <ClCompile Include="native_putty_controller.cpp">
      <Filter>Source Files</Filter>
    </ClCompile>
    <ClCompile Include="putty_callback.cpp">
      <Filter>Source Files</Filter>
    </ClCompile>
    <ClCompile Include="CmdLineHandler.cpp">
      <Filter>Source Files</Filter>
    </ClCompile>
    <ClCompile Include="..\zmodem\zmodem_session.cpp">
      <Filter>Source Files</Filter>
    </ClCompile>
    <ClCompile Include="zmodem_file.cpp">
      <Filter>Source Files</Filter>
    </ClCompile>
    <ClCompile Include="PuttyFileDialog.cpp">
      <Filter>Source Files</Filter>
    </ClCompile>
    <ClCompile Include="readlnk.cpp">
      <Filter>Source Files</Filter>
    </ClCompile>
    <ClCompile Include="google_drive_fsm_session.cpp">
      <Filter>Source Files</Filter>
    </ClCompile>
    <ClCompile Include="window_interface.cpp">
      <Filter>Source Files</Filter>
    </ClCompile>
  </ItemGroup>
</Project>